# THIS IS AN AUTOGENERATED FILE. DO NOT EDIT THIS FILE DIRECTLY.
# yarn lockfile v1


altair-static@^5.2.2:
  version "5.2.2"
  resolved "https://registry.yarnpkg.com/altair-static/-/altair-static-5.2.2.tgz#60748807320fbc7538690a88b7d2df845da01f8a"
  integrity sha512-shoitX2fQc6LsFQaNdvSoxayVc47LQNLIo6/U73DNR1PxMTRZF4DNvby3C6Pi8259b1TK+QOKspOdRlq9cK/Fw==
